PODS:
  - CocoaMQTT (2.1.0):
    - CocoaMQTT/Core (= 2.1.0)
  - CocoaMQTT/Core (2.1.0):
    - MqttCocoaAsyncSocket (~> 1.0.8)
  - MqttCocoaAsyncSocket (1.0.8)
  - Pushy (1.0.40):
    - CocoaMQTT (= 2.1.0)

DEPENDENCIES:
  - Pushy (= 1.0.40)

SPEC REPOS:
  trunk:
    - CocoaMQTT
    - MqttCocoaAsyncSocket
    - Pushy

SPEC CHECKSUMS:
  CocoaMQTT: 43666585403f664bb55361189c03c54897060324
  MqttCocoaAsyncSocket: 77d3b74f76228dd5a05d1f9526eab101d415b30c
  Pushy: e14c89d66717d68ac6eba0928f7f85a6c627cd9c

PODFILE CHECKSUM: 5e795a10b52ac8cf6d77231316886f766cf66642

COCOAPODS: 1.11.3
